
Microsoft Visual Studio Solution File, Format Version 12.00
# Visual Studio Version 16
VisualStudioVersion = 16.0.31515.178
MinimumVisualStudioVersion = 10.0.40219.1
Project("{9A19103F-16F7-4668-BE54-9A1E7A4F7556}") = "VideoGameSellers.ASP", "VideoGameSellers.ASP\VideoGameSellers.ASP.csproj", "{EEB9D41E-1A6D-44A5-992F-6984B5866B78}"
EndProject
Global
	GlobalSection(SolutionConfigurationPlatforms) = preSolution
		Debug|Any CPU = Debug|Any CPU
		Release|Any CPU = Release|Any CPU
	EndGlobalSection
	GlobalSection(ProjectConfigurationPlatforms) = postSolution
		{EEB9D41E-1A6D-44A5-992F-6984B5866B78}.Debug|Any CPU.ActiveCfg = Debug|Any CPU
		{EEB9D41E-1A6D-44A5-992F-6984B5866B78}.Debug|Any CPU.Build.0 = Debug|Any CPU
		{EEB9D41E-1A6D-44A5-992F-6984B5866B78}.Release|Any CPU.ActiveCfg = Release|Any CPU
		{EEB9D41E-1A6D-44A5-992F-6984B5866B78}.Release|Any CPU.Build.0 = Release|Any CPU
	EndGlobalSection
	GlobalSection(SolutionProperties) = preSolution
		HideSolutionNode = FALSE
	EndGlobalSection
	GlobalSection(ExtensibilityGlobals) = postSolution
		SolutionGuid = {18C0B899-31D1-47D6-947C-918089372526}
	EndGlobalSection
EndGlobal
